
Microsoft Visual Studio Solution File, Format Version 12.00
# Visual Studio 15
VisualStudioVersion = 15.0.27130.2010
MinimumVisualStudioVersion = 10.0.40219.1
Project("{FAE04EC0-301F-11D3-BF4B-00C04F79EFBC}") = "Drohne", "Drohne\Drohne.csproj", "{4792A4ED-F103-41C4-ACF9-633A745175FF}"
EndProject
Global
	GlobalSection(SolutionConfigurationPlatforms) = preSolution
		Debug|Any CPU = Debug|Any CPU
		Release|Any CPU = Release|Any CPU
	EndGlobalSection
	GlobalSection(ProjectConfigurationPlatforms) = postSolution
		{4792A4ED-F103-41C4-ACF9-633A745175FF}.Debug|Any CPU.ActiveCfg = Debug|Any CPU
		{4792A4ED-F103-41C4-ACF9-633A745175FF}.Debug|Any CPU.Build.0 = Debug|Any CPU
		{4792A4ED-F103-41C4-ACF9-633A745175FF}.Release|Any CPU.ActiveCfg = Release|Any CPU
		{4792A4ED-F103-41C4-ACF9-633A745175FF}.Release|Any CPU.Build.0 = Release|Any CPU
	EndGlobalSection
	GlobalSection(SolutionProperties) = preSolution
		HideSolutionNode = FALSE
	EndGlobalSection
	GlobalSection(ExtensibilityGlobals) = postSolution
		SolutionGuid = {CEF5FCF2-FAEE-4152-9EEA-7F1C66FBF446}
	EndGlobalSection
EndGlobal
